# THIS IS AN AUTOGENERATED FILE. DO NOT EDIT THIS FILE DIRECTLY.
# yarn lockfile v1


plotly.js-dist@^2.5.1:
  version "2.5.1"
  resolved "https://registry.yarnpkg.com/plotly.js-dist/-/plotly.js-dist-2.5.1.tgz#640bfcb401d508e3539f7dfbe8139a16b24b2719"
  integrity sha512-6mSqcrgPQNI6HZYfusUTZJdeM9Rym0ktcEwAOxfP3BPXBLQWFTGATZhnm4lW0WMLgpGPVUpKUJUmkcmXnVJ6zQ==
